// !$*UTF8*$!
{
	archiveVersion = 1;
	classes = {
	};
	objectVersion = 50;
	objects = {

/* Begin PBXBuildFile section */
		ECA096B1247E663700A03863 /* AppDelegate.swift in Sources */ = {isa = PBXBuildFile; fileRef = ECA096B0247E663700A03863 /* AppDelegate.swift */; };
		ECA096B3247E663700A03863 /* SceneDelegate.swift in Sources */ = {isa = PBXBuildFile; fileRef = ECA096B2247E663700A03863 /* SceneDelegate.swift */; };
		ECA096B5247E663700A03863 /* ViewController.swift in Sources */ = {isa = PBXBuildFile; fileRef = ECA096B4247E663700A03863 /* ViewController.swift */; };
		ECA096B8247E663700A03863 /* Main.storyboard in Resources */ = {isa = PBXBuildFile; fileRef = ECA096B6247E663700A03863 /* Main.storyboard */; };
		ECA096BA247E663800A03863 /* Assets.xcassets in Resources */ = {isa = PBXBuildFile; fileRef = ECA096B9247E663800A03863 /* Assets.xcassets */; };
		ECA096BD247E663800A03863 /* LaunchScreen.storyboard in Resources */ = {isa = PBXBuildFile; fileRef = ECA096BB247E663800A03863 /* LaunchScreen.storyboard */; };
		ECA096C7247E667C00A03863 /* Mapbox.framework in Frameworks */ = {isa = PBXBuildFile; fileRef = ECA096C5247E667C00A03863 /* Mapbox.framework */; };
		ECA096C8247E667C00A03863 /* Mapbox.framework in Embed Frameworks */ = {isa = PBXBuildFile; fileRef = ECA096C5247E667C00A03863 /* Mapbox.framework */; settings = {ATTRIBUTES = (CodeSignOnCopy, RemoveHeadersOnCopy, ); }; };
		ECA096C9247E667C00A03863 /* MapboxMobileEvents.framework in Frameworks */ = {isa = PBXBuildFile; fileRef = ECA096C6247E667C00A03863 /* MapboxMobileEvents.framework */; };
		ECA096CA247E667C00A03863 /* MapboxMobileEvents.framework in Embed Frameworks */ = {isa = PBXBuildFile; fileRef = ECA096C6247E667C00A03863 /* MapboxMobileEvents.framework */; settings = {ATTRIBUTES = (CodeSignOnCopy, RemoveHeadersOnCopy, ); }; };
/* End PBXBuildFile section */

/* Begin PBXCopyFilesBuildPhase section */
		ECA096CB247E667C00A03863 /* Embed Frameworks */ = {
			isa = PBXCopyFilesBuildPhase;
			buildActionMask = 2147483647;
			dstPath = "";
			dstSubfolderSpec = 10;
			files = (
				ECA096CA247E667C00A03863 /* MapboxMobileEvents.framework in Embed Frameworks */,
				ECA096C8247E667C00A03863 /* Mapbox.framework in Embed Frameworks */,
			);
			name = "Embed Frameworks";
			runOnlyForDeploymentPostprocessing = 0;
		};
/* End PBXCopyFilesBuildPhase section */

/* Begin PBXFileReference section */
		ECA096AD247E663700A03863 /* FlightMap.app */ = {isa = PBXFileReference; explicitFileType = wrapper.application; includeInIndex = 0; path = FlightMap.app; sourceTree = BUILT_PRODUCTS_DIR; };
		ECA096B0247E663700A03863 /* AppDelegate.swift */ = {isa = PBXFileReference; lastKnownFileType = sourcecode.swift; path = AppDelegate.swift; sourceTree = "<group>"; };
		ECA096B2247E663700A03863 /* SceneDelegate.swift */ = {isa = PBXFileReference; lastKnownFileType = sourcecode.swift; path = SceneDelegate.swift; sourceTree = "<group>"; };
		ECA096B4247E663700A03863 /* ViewController.swift */ = {isa = PBXFileReference; lastKnownFileType = sourcecode.swift; path = ViewController.swift; sourceTree = "<group>"; };
		ECA096B7247E663700A03863 /* Base */ = {isa = PBXFileReference; lastKnownFileType = file.storyboard; name = Base; path = Base.lproj/Main.storyboard; sourceTree = "<group>"; };
		ECA096B9247E663800A03863 /* Assets.xcassets */ = {isa = PBXFileReference; lastKnownFileType = folder.assetcatalog; path = Assets.xcassets; sourceTree = "<group>"; };
		ECA096BC247E663800A03863 /* Base */ = {isa = PBXFileReference; lastKnownFileType = file.storyboard; name = Base; path = Base.lproj/LaunchScreen.storyboard; sourceTree = "<group>"; };
		ECA096BE247E663800A03863 /* Info.plist */ = {isa = PBXFileReference; lastKnownFileType = text.plist.xml; path = Info.plist; sourceTree = "<group>"; };
		ECA096C5247E667C00A03863 /* Mapbox.framework */ = {isa = PBXFileReference; lastKnownFileType = wrapper.framework; path = Mapbox.framework; sourceTree = "<group>"; };
		ECA096C6247E667C00A03863 /* MapboxMobileEvents.framework */ = {isa = PBXFileReference; lastKnownFileType = wrapper.framework; path = MapboxMobileEvents.framework; sourceTree = "<group>"; };
/* End PBXFileReference section */

/* Begin PBXFrameworksBuildPhase section */
		ECA096AA247E663700A03863 /* Frameworks */ = {
			isa = PBXFrameworksBuildPhase;
			buildActionMask = 2147483647;
			files = (
				ECA096C9247E667C00A03863 /* MapboxMobileEvents.framework in Frameworks */,
				ECA096C7247E667C00A03863 /* Mapbox.framework in Frameworks */,
			);
			runOnlyForDeploymentPostprocessing = 0;
		};
/* End PBXFrameworksBuildPhase section */

/* Begin PBXGroup section */
		ECA096A4247E663700A03863 = {
			isa = PBXGroup;
			children = (
				ECA096AF247E663700A03863 /* FlightMap */,
				ECA096AE247E663700A03863 /* Products */,
				ECA096C4247E667C00A03863 /* Frameworks */,
			);
			sourceTree = "<group>";
		};
		ECA096AE247E663700A03863 /* Products */ = {
			isa = PBXGroup;
			children = (
				ECA096AD247E663700A03863 /* FlightMap.app */,
			);
			name = Products;
			sourceTree = "<group>";
		};
		ECA096AF247E663700A03863 /* FlightMap */ = {
			isa = PBXGroup;
			children = (
				ECA096B0247E663700A03863 /* AppDelegate.swift */,
				ECA096B2247E663700A03863 /* SceneDelegate.swift */,
				ECA096B4247E663700A03863 /* ViewController.swift */,
				ECA096B6247E663700A03863 /* Main.storyboard */,
				ECA096B9247E663800A03863 /* Assets.xcassets */,
				ECA096BB247E663800A03863 /* LaunchScreen.storyboard */,
				ECA096BE247E663800A03863 /* Info.plist */,
			);
			path = FlightMap;
			sourceTree = "<group>";
		};
		ECA096C4247E667C00A03863 /* Frameworks */ = {
			isa = PBXGroup;
			children = (
				ECA096C5247E667C00A03863 /* Mapbox.framework */,
				ECA096C6247E667C00A03863 /* MapboxMobileEvents.framework */,
			);
			name = Frameworks;
			sourceTree = "<group>";
		};
/* End PBXGroup section */

/* Begin PBXNativeTarget section */
		ECA096AC247E663700A03863 /* FlightMap */ = {
			isa = PBXNativeTarget;
			buildConfigurationList = ECA096C1247E663800A03863 /* Build configuration list for PBXNativeTarget "FlightMap" */;
			buildPhases = (
				ECA096A9247E663700A03863 /* Sources */,
				ECA096AA247E663700A03863 /* Frameworks */,
				ECA096AB247E663700A03863 /* Resources */,
				ECA096CB247E667C00A03863 /* Embed Frameworks */,
			);
			buildRules = (
			);
			dependencies = (
			);
			name = FlightMap;
			productName = FlightMap;
			productReference = ECA096AD247E663700A03863 /* FlightMap.app */;
			productType = "com.apple.product-type.application";
		};
/* End PBXNativeTarget section */

/* Begin PBXProject section */
		ECA096A5247E663700A03863 /* Project object */ = {
			isa = PBXProject;
			attributes = {
				LastSwiftUpdateCheck = 1120;
				LastUpgradeCheck = 1120;
				ORGANIZATIONNAME = Intern;
				TargetAttributes = {
					ECA096AC247E663700A03863 = {
						CreatedOnToolsVersion = 11.2.1;
					};
				};
			};
			buildConfigurationList = ECA096A8247E663700A03863 /* Build configuration list for PBXProject "FlightMap" */;
			compatibilityVersion = "Xcode 9.3";
			developmentRegion = en;
			hasScannedForEncodings = 0;
			knownRegions = (
				en,
				Base,
			);
			mainGroup = ECA096A4247E663700A03863;
			productRefGroup = ECA096AE247E663700A03863 /* Products */;
			projectDirPath = "";
			projectRoot = "";
			targets = (
				ECA096AC247E663700A03863 /* FlightMap */,
			);
		};
/* End PBXProject section */

/* Begin PBXResourcesBuildPhase section */
		ECA096AB247E663700A03863 /* Resources */ = {
			isa = PBXResourcesBuildPhase;
			buildActionMask = 2147483647;
			files = (
				ECA096BD247E663800A03863 /* LaunchScreen.storyboard in Resources */,
				ECA096BA247E663800A03863 /* Assets.xcassets in Resources */,
				ECA096B8247E663700A03863 /* Main.storyboard in Resources */,
			);
			runOnlyForDeploymentPostprocessing = 0;
		};
/* End PBXResourcesBuildPhase section */

/* Begin PBXSourcesBuildPhase section */
		ECA096A9247E663700A03863 /* Sources */ = {
			isa = PBXSourcesBuildPhase;
			buildActionMask = 2147483647;
			files = (
				ECA096B5247E663700A03863 /* ViewController.swift in Sources */,
				ECA096B1247E663700A03863 /* AppDelegate.swift in Sources */,
				ECA096B3247E663700A03863 /* SceneDelegate.swift in Sources */,
			);
			runOnlyForDeploymentPostprocessing = 0;
		};
/* End PBXSourcesBuildPhase section */

/* Begin PBXVariantGroup section */
		ECA096B6247E663700A03863 /* Main.storyboard */ = {
			isa = PBXVariantGroup;
			children = (
				ECA096B7247E663700A03863 /* Base */,
			);
			name = Main.storyboard;
			sourceTree = "<group>";
		};
		ECA096BB247E663800A03863 /* LaunchScreen.storyboard */ = {
			isa = PBXVariantGroup;
			children = (
				ECA096BC247E663800A03863 /* Base */,
			);
			name = LaunchScreen.storyboard;
			sourceTree = "<group>";
		};
/* End PBXVariantGroup section */

/* Begin XCBuildConfiguration section */
		ECA096BF247E663800A03863 /* Debug */ = {
			isa = XCBuildConfiguration;
			buildSettings = {
				ALWAYS_SEARCH_USER_PATHS = NO;
				CLANG_ANALYZER_NONNULL = YES;
				CLANG_ANALYZER_NUMBER_OBJECT_CONVERSION = YES_AGGRESSIVE;
				CLANG_CXX_LANGUAGE_STANDARD = "gnu++14";
				CLANG_CXX_LIBRARY = "libc++";
				CLANG_ENABLE_MODULES = YES;
				CLANG_ENABLE_OBJC_ARC = YES;
				CLANG_ENABLE_OBJC_WEAK = YES;
				CLANG_WARN_BLOCK_CAPTURE_AUTORELEASING = YES;
				CLANG_WARN_BOOL_CONVERSION = YES;
				CLANG_WARN_COMMA = YES;
				CLANG_WARN_CONSTANT_CONVERSION = YES;
				CLANG_WARN_DEPRECATED_OBJC_IMPLEMENTATIONS = YES;
				CLANG_WARN_DIRECT_OBJC_ISA_USAGE = YES_ERROR;
				CLANG_WARN_DOCUMENTATION_COMMENTS = YES;
				CLANG_WARN_EMPTY_BODY = YES;
				CLANG_WARN_ENUM_CONVERSION = YES;
				CLANG_WARN_INFINITE_RECURSION = YES;
				CLANG_WARN_INT_CONVERSION = YES;
				CLANG_WARN_NON_LITERAL_NULL_CONVERSION = YES;
				CLANG_WARN_OBJC_IMPLICIT_RETAIN_SELF = YES;
				CLANG_WARN_OBJC_LITERAL_CONVERSION = YES;
				CLANG_WARN_OBJC_ROOT_CLASS = YES_ERROR;
				CLANG_WARN_RANGE_LOOP_ANALYSIS = YES;
				CLANG_WARN_STRICT_PROTOTYPES = YES;
				CLANG_WARN_SUSPICIOUS_MOVE = YES;
				CLANG_WARN_UNGUARDED_AVAILABILITY = YES_AGGRESSIVE;
				CLANG_WARN_UNREACHABLE_CODE = YES;
				CLANG_WARN__DUPLICATE_METHOD_MATCH = YES;
				COPY_PHASE_STRIP = NO;
				DEBUG_INFORMATION_FORMAT = dwarf;
				ENABLE_STRICT_OBJC_MSGSEND = YES;
				ENABLE_TESTABILITY = YES;
				GCC_C_LANGUAGE_STANDARD = gnu11;
				GCC_DYNAMIC_NO_PIC = NO;
				GCC_NO_COMMON_BLOCKS = YES;
				GCC_OPTIMIZATION_LEVEL = 0;
				GCC_PREPROCESSOR_DEFINITIONS = (
					"DEBUG=1",
					"$(inherited)",
				);
				GCC_WARN_64_TO_32_BIT_CONVERSION = YES;
				GCC_WARN_ABOUT_RETURN_TYPE = YES_ERROR;
				GCC_WARN_UNDECLARED_SELECTOR = YES;
				GCC_WARN_UNINITIALIZED_AUTOS = YES_AGGRESSIVE;
				GCC_WARN_UNUSED_FUNCTION = YES;
				GCC_WARN_UNUSED_VARIABLE = YES;
				IPHONEOS_DEPLOYMENT_TARGET = 13.2;
				MTL_ENABLE_DEBUG_INFO = INCLUDE_SOURCE;
				MTL_FAST_MATH = YES;
				ONLY_ACTIVE_ARCH = YES;
				SDKROOT = iphoneos;
				SWIFT_ACTIVE_COMPILATION_CONDITIONS = DEBUG;
				SWIFT_OPTIMIZATION_LEVEL = "-Onone";
			};
			name = Debug;
		};
		ECA096C0247E663800A03863 /* Release */ = {
			isa = XCBuildConfiguration;
			buildSettings = {
				ALWAYS_SEARCH_USER_PATHS = NO;
				CLANG_ANALYZER_NONNULL = YES;
				CLANG_ANALYZER_NUMBER_OBJECT_CONVERSION = YES_AGGRESSIVE;
				CLANG_CXX_LANGUAGE_STANDARD = "gnu++14";
				CLANG_CXX_LIBRARY = "libc++";
				CLANG_ENABLE_MODULES = YES;
				CLANG_ENABLE_OBJC_ARC = YES;
				CLANG_ENABLE_OBJC_WEAK = YES;
				CLANG_WARN_BLOCK_CAPTURE_AUTORELEASING = YES;
				CLANG_WARN_BOOL_CONVERSION = YES;
				CLANG_WARN_COMMA = YES;
				CLANG_WARN_CONSTANT_CONVERSION = YES;
				CLANG_WARN_DEPRECATED_OBJC_IMPLEMENTATIONS = YES;
				CLANG_WARN_DIRECT_OBJC_ISA_USAGE = YES_ERROR;
				CLANG_WARN_DOCUMENTATION_COMMENTS = YES;
				CLANG_WARN_EMPTY_BODY = YES;
				CLANG_WARN_ENUM_CONVERSION = YES;
				CLANG_WARN_INFINITE_RECURSION = YES;
				CLANG_WARN_INT_CONVERSION = YES;
				CLANG_WARN_NON_LITERAL_NULL_CONVERSION = YES;
				CLANG_WARN_OBJC_IMPLICIT_RETAIN_SELF = YES;
				CLANG_WARN_OBJC_LITERAL_CONVERSION = YES;
				CLANG_WARN_OBJC_ROOT_CLASS = YES_ERROR;
				CLANG_WARN_RANGE_LOOP_ANALYSIS = YES;
				CLANG_WARN_STRICT_PROTOTYPES = YES;
				CLANG_WARN_SUSPICIOUS_MOVE = YES;
				CLANG_WARN_UNGUARDED_AVAILABILITY = YES_AGGRESSIVE;
				CLANG_WARN_UNREACHABLE_CODE = YES;
				CLANG_WARN__DUPLICATE_METHOD_MATCH = YES;
				COPY_PHASE_STRIP = NO;
				DEBUG_INFORMATION_FORMAT = "dwarf-with-dsym";
				ENABLE_NS_ASSERTIONS = NO;
				ENABLE_STRICT_OBJC_MSGSEND = YES;
				GCC_C_LANGUAGE_STANDARD = gnu11;
				GCC_NO_COMMON_BLOCKS = YES;
				GCC_WARN_64_TO_32_BIT_CONVERSION = YES;
				GCC_WARN_ABOUT_RETURN_TYPE = YES_ERROR;
				GCC_WARN_UNDECLARED_SELECTOR = YES;
				GCC_WARN_UNINITIALIZED_AUTOS = YES_AGGRESSIVE;
				GCC_WARN_UNUSED_FUNCTION = YES;
				GCC_WARN_UNUSED_VARIABLE = YES;
				IPHONEOS_DEPLOYMENT_TARGET = 13.2;
				MTL_ENABLE_DEBUG_INFO = NO;
				MTL_FAST_MATH = YES;
				SDKROOT = iphoneos;
				SWIFT_COMPILATION_MODE = wholemodule;
				SWIFT_OPTIMIZATION_LEVEL = "-O";
				VALIDATE_PRODUCT = YES;
			};
			name = Release;
		};
		ECA096C2247E663800A03863 /* Debug */ = {
			isa = XCBuildConfiguration;
			buildSettings = {
				ASSETCATALOG_COMPILER_APPICON_NAME = AppIcon;
				CODE_SIGN_STYLE = Automatic;
				FRAMEWORK_SEARCH_PATHS = (
					"$(inherited)",
					"$(PROJECT_DIR)",
				);
				INFOPLIST_FILE = FlightMap/Info.plist;
				LD_RUNPATH_SEARCH_PATHS = (
					"$(inherited)",
					"@executable_path/Frameworks",
				);
				PRODUCT_BUNDLE_IDENTIFIER = firstApp.FlightMap;
				PRODUCT_NAME = "$(TARGET_NAME)";
				SWIFT_VERSION = 5.0;
				TARGETED_DEVICE_FAMILY = "1,2";
			};
			name = Debug;
		};
		ECA096C3247E663800A03863 /* Release */ = {
			isa = XCBuildConfiguration;
			buildSettings = {
				ASSETCATALOG_COMPILER_APPICON_NAME = AppIcon;
				CODE_SIGN_STYLE = Automatic;
				FRAMEWORK_SEARCH_PATHS = (
					"$(inherited)",
					"$(PROJECT_DIR)",
				);
				INFOPLIST_FILE = FlightMap/Info.plist;
				LD_RUNPATH_SEARCH_PATHS = (
					"$(inherited)",
					"@executable_path/Frameworks",
				);
				PRODUCT_BUNDLE_IDENTIFIER = firstApp.FlightMap;
				PRODUCT_NAME = "$(TARGET_NAME)";
				SWIFT_VERSION = 5.0;
				TARGETED_DEVICE_FAMILY = "1,2";
			};
			name = Release;
		};
/* End XCBuildConfiguration section */

/* Begin XCConfigurationList section */
		ECA096A8247E663700A03863 /* Build configuration list for PBXProject "FlightMap" */ = {
			isa = XCConfigurationList;
			buildConfigurations = (
				ECA096BF247E663800A03863 /* Debug */,
				ECA096C0247E663800A03863 /* Release */,
			);
			defaultConfigurationIsVisible = 0;
			defaultConfigurationName = Release;
		};
		ECA096C1247E663800A03863 /* Build configuration list for PBXNativeTarget "FlightMap" */ = {
			isa = XCConfigurationList;
			buildConfigurations = (
				ECA096C2247E663800A03863 /* Debug */,
				ECA096C3247E663800A03863 /* Release */,
			);
			defaultConfigurationIsVisible = 0;
			defaultConfigurationName = Release;
		};
/* End XCConfigurationList section */
	};
	rootObject = ECA096A5247E663700A03863 /* Project object */;
}
